// !$*UTF8*$!
{
	archiveVersion = 1;
	classes = {
	};
	objectVersion = 56;
	objects = {

/* Begin PBXBuildFile section */
		B6E18B652C3FCD80004960AD /* NetworkMonitorAppApp.swift in Sources */ = {isa = PBXBuildFile; fileRef = B6E18B642C3FCD80004960AD /* NetworkMonitorAppApp.swift */; };
		B6E18B672C3FCD80004960AD /* ContentView.swift in Sources */ = {isa = PBXBuildFile; fileRef = B6E18B662C3FCD80004960AD /* ContentView.swift */; };
		B6E18B692C3FCD84004960AD /* Assets.xcassets in Resources */ = {isa = PBXBuildFile; fileRef = B6E18B682C3FCD84004960AD /* Assets.xcassets */; };
		B6E18B6C2C3FCD84004960AD /* Preview Assets.xcassets in Resources */ = {isa = PBXBuildFile; fileRef = B6E18B6B2C3FCD84004960AD /* Preview Assets.xcassets */; };
		B6E18B732C3FCD8D004960AD /* NetworkMonitor.swift in Sources */ = {isa = PBXBuildFile; fileRef = B6E18B722C3FCD8D004960AD /* NetworkMonitor.swift */; };
		B6E18B752C3FCE0A004960AD /* NetworkOperationPerformer.swift in Sources */ = {isa = PBXBuildFile; fileRef = B6E18B742C3FCE0A004960AD /* NetworkOperationPerformer.swift */; };
		B6E18B7D2C3FEDB9004960AD /* NetworkOperationPerformerTests.swift in Sources */ = {isa = PBXBuildFile; fileRef = B6E18B7C2C3FEDB9004960AD /* NetworkOperationPerformerTests.swift */; };
		B6E18B8B2C413225004960AD /* MainFlow.swift in Sources */ = {isa = PBXBuildFile; fileRef = B6E18B8A2C413225004960AD /* MainFlow.swift */; };
		B6E18B8D2C4132AF004960AD /* LoadingScreen.swift in Sources */ = {isa = PBXBuildFile; fileRef = B6E18B8C2C4132AF004960AD /* LoadingScreen.swift */; };
		B6E18B8F2C4132C0004960AD /* ErrorScreen.swift in Sources */ = {isa = PBXBuildFile; fileRef = B6E18B8E2C4132C0004960AD /* ErrorScreen.swift */; };
		B6E18B912C4132D4004960AD /* ResultScreen.swift in Sources */ = {isa = PBXBuildFile; fileRef = B6E18B902C4132D4004960AD /* ResultScreen.swift */; };
		B6E18B942C4135FE004960AD /* ImageRequest.swift in Sources */ = {isa = PBXBuildFile; fileRef = B6E18B932C4135FE004960AD /* ImageRequest.swift */; };
		B6E18B972C41416C004960AD /* MockNetworkMonitor.swift in Sources */ = {isa = PBXBuildFile; fileRef = B6E18B962C41416C004960AD /* MockNetworkMonitor.swift */; };
		B6E18B9C2C415C21004960AD /* ComposableArchitecture in Frameworks */ = {isa = PBXBuildFile; productRef = B6E18B9B2C415C21004960AD /* ComposableArchitecture */; };
		B6E18BA02C415E4E004960AD /* LoadImageView.swift in Sources */ = {isa = PBXBuildFile; fileRef = B6E18B9F2C415E4E004960AD /* LoadImageView.swift */; };
		B6E18BA22C415E68004960AD /* LoadImageReducer.swift in Sources */ = {isa = PBXBuildFile; fileRef = B6E18BA12C415E68004960AD /* LoadImageReducer.swift */; };
		B6E18BA42C416001004960AD /* NetworkState.swift in Sources */ = {isa = PBXBuildFile; fileRef = B6E18BA32C416001004960AD /* NetworkState.swift */; };
		B6E18BA62C416564004960AD /* LoadImage+Mocks.swift in Sources */ = {isa = PBXBuildFile; fileRef = B6E18BA52C416564004960AD /* LoadImage+Mocks.swift */; };
		B6E18BAC2C453304004960AD /* README.md in Resources */ = {isa = PBXBuildFile; fileRef = B6E18BAB2C453304004960AD /* README.md */; };
		B6E18BB02C4535CE004960AD /* LoadImageViewTests.swift in Sources */ = {isa = PBXBuildFile; fileRef = B6E18BAF2C4535CE004960AD /* LoadImageViewTests.swift */; };
		B6E18BB32C453FCA004960AD /* FetchImageUseCase.swift in Sources */ = {isa = PBXBuildFile; fileRef = B6E18BB22C453FCA004960AD /* FetchImageUseCase.swift */; };
		B6E18BB52C45417B004960AD /* MockFetchImageUseCase.swift in Sources */ = {isa = PBXBuildFile; fileRef = B6E18BB42C45417B004960AD /* MockFetchImageUseCase.swift */; };
		B6E18BB72C454831004960AD /* ImageDataModel.swift in Sources */ = {isa = PBXBuildFile; fileRef = B6E18BB62C454831004960AD /* ImageDataModel.swift */; };
		B6E18BBA2C454A2B004960AD /* Image+Data.swift in Sources */ = {isa = PBXBuildFile; fileRef = B6E18BB92C454A2B004960AD /* Image+Data.swift */; };
		B6E18BBC2C455B0B004960AD /* MainFlow+Mocks.swift in Sources */ = {isa = PBXBuildFile; fileRef = B6E18BBB2C455B0B004960AD /* MainFlow+Mocks.swift */; };
/* End PBXBuildFile section */

/* Begin PBXContainerItemProxy section */
		B6E18B7E2C3FEDB9004960AD /* PBXContainerItemProxy */ = {
			isa = PBXContainerItemProxy;
			containerPortal = B6E18B592C3FCD80004960AD /* Project object */;
			proxyType = 1;
			remoteGlobalIDString = B6E18B602C3FCD80004960AD;
			remoteInfo = NetworkMonitorApp;
		};
/* End PBXContainerItemProxy section */

/* Begin PBXFileReference section */
		B6E18B612C3FCD80004960AD /* NetworkMonitorApp.app */ = {isa = PBXFileReference; explicitFileType = wrapper.application; includeInIndex = 0; path = NetworkMonitorApp.app; sourceTree = BUILT_PRODUCTS_DIR; };
		B6E18B642C3FCD80004960AD /* NetworkMonitorAppApp.swift */ = {isa = PBXFileReference; lastKnownFileType = sourcecode.swift; path = NetworkMonitorAppApp.swift; sourceTree = "<group>"; };
		B6E18B662C3FCD80004960AD /* ContentView.swift */ = {isa = PBXFileReference; lastKnownFileType = sourcecode.swift; path = ContentView.swift; sourceTree = "<group>"; };
		B6E18B682C3FCD84004960AD /* Assets.xcassets */ = {isa = PBXFileReference; lastKnownFileType = folder.assetcatalog; path = Assets.xcassets; sourceTree = "<group>"; };
		B6E18B6B2C3FCD84004960AD /* Preview Assets.xcassets */ = {isa = PBXFileReference; lastKnownFileType = folder.assetcatalog; path = "Preview Assets.xcassets"; sourceTree = "<group>"; };
		B6E18B722C3FCD8D004960AD /* NetworkMonitor.swift */ = {isa = PBXFileReference; lastKnownFileType = sourcecode.swift; path = NetworkMonitor.swift; sourceTree = "<group>"; };
		B6E18B742C3FCE0A004960AD /* NetworkOperationPerformer.swift */ = {isa = PBXFileReference; lastKnownFileType = sourcecode.swift; path = NetworkOperationPerformer.swift; sourceTree = "<group>"; };
		B6E18B7A2C3FEDB9004960AD /* NetworkMonitorAppTests.xctest */ = {isa = PBXFileReference; explicitFileType = wrapper.cfbundle; includeInIndex = 0; path = NetworkMonitorAppTests.xctest; sourceTree = BUILT_PRODUCTS_DIR; };
		B6E18B7C2C3FEDB9004960AD /* NetworkOperationPerformerTests.swift */ = {isa = PBXFileReference; lastKnownFileType = sourcecode.swift; path = NetworkOperationPerformerTests.swift; sourceTree = "<group>"; };
		B6E18B8A2C413225004960AD /* MainFlow.swift */ = {isa = PBXFileReference; lastKnownFileType = sourcecode.swift; path = MainFlow.swift; sourceTree = "<group>"; };
		B6E18B8C2C4132AF004960AD /* LoadingScreen.swift */ = {isa = PBXFileReference; lastKnownFileType = sourcecode.swift; path = LoadingScreen.swift; sourceTree = "<group>"; };
		B6E18B8E2C4132C0004960AD /* ErrorScreen.swift */ = {isa = PBXFileReference; lastKnownFileType = sourcecode.swift; path = ErrorScreen.swift; sourceTree = "<group>"; };
		B6E18B902C4132D4004960AD /* ResultScreen.swift */ = {isa = PBXFileReference; lastKnownFileType = sourcecode.swift; path = ResultScreen.swift; sourceTree = "<group>"; };
		B6E18B932C4135FE004960AD /* ImageRequest.swift */ = {isa = PBXFileReference; lastKnownFileType = sourcecode.swift; path = ImageRequest.swift; sourceTree = "<group>"; };
		B6E18B962C41416C004960AD /* MockNetworkMonitor.swift */ = {isa = PBXFileReference; lastKnownFileType = sourcecode.swift; path = MockNetworkMonitor.swift; sourceTree = "<group>"; };
		B6E18B9F2C415E4E004960AD /* LoadImageView.swift */ = {isa = PBXFileReference; lastKnownFileType = sourcecode.swift; path = LoadImageView.swift; sourceTree = "<group>"; };
		B6E18BA12C415E68004960AD /* LoadImageReducer.swift */ = {isa = PBXFileReference; lastKnownFileType = sourcecode.swift; path = LoadImageReducer.swift; sourceTree = "<group>"; };
		B6E18BA32C416001004960AD /* NetworkState.swift */ = {isa = PBXFileReference; lastKnownFileType = sourcecode.swift; path = NetworkState.swift; sourceTree = "<group>"; };
		B6E18BA52C416564004960AD /* LoadImage+Mocks.swift */ = {isa = PBXFileReference; lastKnownFileType = sourcecode.swift; path = "LoadImage+Mocks.swift"; sourceTree = "<group>"; };
		B6E18BAB2C453304004960AD /* README.md */ = {isa = PBXFileReference; fileEncoding = 4; lastKnownFileType = net.daringfireball.markdown; path = README.md; sourceTree = SOURCE_ROOT; };
		B6E18BAF2C4535CE004960AD /* LoadImageViewTests.swift */ = {isa = PBXFileReference; lastKnownFileType = sourcecode.swift; path = LoadImageViewTests.swift; sourceTree = "<group>"; };
		B6E18BB22C453FCA004960AD /* FetchImageUseCase.swift */ = {isa = PBXFileReference; lastKnownFileType = sourcecode.swift; path = FetchImageUseCase.swift; sourceTree = "<group>"; };
		B6E18BB42C45417B004960AD /* MockFetchImageUseCase.swift */ = {isa = PBXFileReference; lastKnownFileType = sourcecode.swift; path = MockFetchImageUseCase.swift; sourceTree = "<group>"; };
		B6E18BB62C454831004960AD /* ImageDataModel.swift */ = {isa = PBXFileReference; lastKnownFileType = sourcecode.swift; path = ImageDataModel.swift; sourceTree = "<group>"; };
		B6E18BB92C454A2B004960AD /* Image+Data.swift */ = {isa = PBXFileReference; lastKnownFileType = sourcecode.swift; path = "Image+Data.swift"; sourceTree = "<group>"; };
		B6E18BBB2C455B0B004960AD /* MainFlow+Mocks.swift */ = {isa = PBXFileReference; lastKnownFileType = sourcecode.swift; path = "MainFlow+Mocks.swift"; sourceTree = "<group>"; };
/* End PBXFileReference section */

/* Begin PBXFrameworksBuildPhase section */
		B6E18B5E2C3FCD80004960AD /* Frameworks */ = {
			isa = PBXFrameworksBuildPhase;
			buildActionMask = 2147483647;
			files = (
				B6E18B9C2C415C21004960AD /* ComposableArchitecture in Frameworks */,
			);
			runOnlyForDeploymentPostprocessing = 0;
		};
		B6E18B772C3FEDB9004960AD /* Frameworks */ = {
			isa = PBXFrameworksBuildPhase;
			buildActionMask = 2147483647;
			files = (
			);
			runOnlyForDeploymentPostprocessing = 0;
		};
/* End PBXFrameworksBuildPhase section */

/* Begin PBXGroup section */
		B6E18B582C3FCD80004960AD = {
			isa = PBXGroup;
			children = (
				B6E18B632C3FCD80004960AD /* NetworkMonitorApp */,
				B6E18B7B2C3FEDB9004960AD /* NetworkMonitorAppTests */,
				B6E18B622C3FCD80004960AD /* Products */,
			);
			sourceTree = "<group>";
		};
		B6E18B622C3FCD80004960AD /* Products */ = {
			isa = PBXGroup;
			children = (
				B6E18B612C3FCD80004960AD /* NetworkMonitorApp.app */,
				B6E18B7A2C3FEDB9004960AD /* NetworkMonitorAppTests.xctest */,
			);
			name = Products;
			sourceTree = "<group>";
		};
		B6E18B632C3FCD80004960AD /* NetworkMonitorApp */ = {
			isa = PBXGroup;
			children = (
				B6E18BAB2C453304004960AD /* README.md */,
				B6E18BAE2C453566004960AD /* Flow Approach */,
				B6E18BAD2C453545004960AD /* TCA Approach */,
				B6E18BA92C44F9EA004960AD /* Common */,
				B6E18B952C41415E004960AD /* Mocks */,
				B6E18BB12C453FB3004960AD /* Use Cases */,
				B6E18B922C4135F4004960AD /* Data */,
				B6E18B642C3FCD80004960AD /* NetworkMonitorAppApp.swift */,
				B6E18B682C3FCD84004960AD /* Assets.xcassets */,
				B6E18B6A2C3FCD84004960AD /* Preview Content */,
			);
			path = NetworkMonitorApp;
			sourceTree = "<group>";
		};
		B6E18B6A2C3FCD84004960AD /* Preview Content */ = {
			isa = PBXGroup;
			children = (
				B6E18B6B2C3FCD84004960AD /* Preview Assets.xcassets */,
			);
			path = "Preview Content";
			sourceTree = "<group>";
		};
		B6E18B7B2C3FEDB9004960AD /* NetworkMonitorAppTests */ = {
			isa = PBXGroup;
			children = (
				B6E18B7C2C3FEDB9004960AD /* NetworkOperationPerformerTests.swift */,
				B6E18BAF2C4535CE004960AD /* LoadImageViewTests.swift */,
			);
			path = NetworkMonitorAppTests;
			sourceTree = "<group>";
		};
		B6E18B882C41320E004960AD /* Views */ = {
			isa = PBXGroup;
			children = (
				B6E18B662C3FCD80004960AD /* ContentView.swift */,
				B6E18B8C2C4132AF004960AD /* LoadingScreen.swift */,
				B6E18B8E2C4132C0004960AD /* ErrorScreen.swift */,
				B6E18B902C4132D4004960AD /* ResultScreen.swift */,
			);
			path = Views;
			sourceTree = "<group>";
		};
		B6E18B892C413212004960AD /* Flows */ = {
			isa = PBXGroup;
			children = (
				B6E18B8A2C413225004960AD /* MainFlow.swift */,
				B6E18BBB2C455B0B004960AD /* MainFlow+Mocks.swift */,
			);
			path = Flows;
			sourceTree = "<group>";
		};
		B6E18B922C4135F4004960AD /* Data */ = {
			isa = PBXGroup;
			children = (
				B6E18B932C4135FE004960AD /* ImageRequest.swift */,
				B6E18BB62C454831004960AD /* ImageDataModel.swift */,
			);
			path = Data;
			sourceTree = "<group>";
		};
		B6E18B952C41415E004960AD /* Mocks */ = {
			isa = PBXGroup;
			children = (
				B6E18B962C41416C004960AD /* MockNetworkMonitor.swift */,
				B6E18BB42C45417B004960AD /* MockFetchImageUseCase.swift */,
			);
			path = Mocks;
			sourceTree = "<group>";
		};
		B6E18B9E2C415E2B004960AD /* LoadImageView */ = {
			isa = PBXGroup;
			children = (
				B6E18BA32C416001004960AD /* NetworkState.swift */,
				B6E18B9F2C415E4E004960AD /* LoadImageView.swift */,
				B6E18BA12C415E68004960AD /* LoadImageReducer.swift */,
				B6E18BA52C416564004960AD /* LoadImage+Mocks.swift */,
			);
			path = LoadImageView;
			sourceTree = "<group>";
		};
		B6E18BA92C44F9EA004960AD /* Common */ = {
			isa = PBXGroup;
			children = (
				B6E18BB82C454A21004960AD /* Extensions */,
				B6E18BAA2C44F9EF004960AD /* Network */,
			);
			path = Common;
			sourceTree = "<group>";
		};
		B6E18BAA2C44F9EF004960AD /* Network */ = {
			isa = PBXGroup;
			children = (
				B6E18B722C3FCD8D004960AD /* NetworkMonitor.swift */,
				B6E18B742C3FCE0A004960AD /* NetworkOperationPerformer.swift */,
			);
			path = Network;
			sourceTree = "<group>";
		};
		B6E18BAD2C453545004960AD /* TCA Approach */ = {
			isa = PBXGroup;
			children = (
				B6E18B9E2C415E2B004960AD /* LoadImageView */,
			);
			path = "TCA Approach";
			sourceTree = "<group>";
		};
		B6E18BAE2C453566004960AD /* Flow Approach */ = {
			isa = PBXGroup;
			children = (
				B6E18B892C413212004960AD /* Flows */,
				B6E18B882C41320E004960AD /* Views */,
			);
			path = "Flow Approach";
			sourceTree = "<group>";
		};
		B6E18BB12C453FB3004960AD /* Use Cases */ = {
			isa = PBXGroup;
			children = (
				B6E18BB22C453FCA004960AD /* FetchImageUseCase.swift */,
			);
			path = "Use Cases";
			sourceTree = "<group>";
		};
		B6E18BB82C454A21004960AD /* Extensions */ = {
			isa = PBXGroup;
			children = (
				B6E18BB92C454A2B004960AD /* Image+Data.swift */,
			);
			path = Extensions;
			sourceTree = "<group>";
		};
/* End PBXGroup section */

/* Begin PBXNativeTarget section */
		B6E18B602C3FCD80004960AD /* NetworkMonitorApp */ = {
			isa = PBXNativeTarget;
			buildConfigurationList = B6E18B6F2C3FCD84004960AD /* Build configuration list for PBXNativeTarget "NetworkMonitorApp" */;
			buildPhases = (
				B6E18B5D2C3FCD80004960AD /* Sources */,
				B6E18B5E2C3FCD80004960AD /* Frameworks */,
				B6E18B5F2C3FCD80004960AD /* Resources */,
			);
			buildRules = (
			);
			dependencies = (
			);
			name = NetworkMonitorApp;
			packageProductDependencies = (
				B6E18B9B2C415C21004960AD /* ComposableArchitecture */,
			);
			productName = NetworkMonitorApp;
			productReference = B6E18B612C3FCD80004960AD /* NetworkMonitorApp.app */;
			productType = "com.apple.product-type.application";
		};
		B6E18B792C3FEDB9004960AD /* NetworkMonitorAppTests */ = {
			isa = PBXNativeTarget;
			buildConfigurationList = B6E18B802C3FEDB9004960AD /* Build configuration list for PBXNativeTarget "NetworkMonitorAppTests" */;
			buildPhases = (
				B6E18B762C3FEDB9004960AD /* Sources */,
				B6E18B772C3FEDB9004960AD /* Frameworks */,
				B6E18B782C3FEDB9004960AD /* Resources */,
			);
			buildRules = (
			);
			dependencies = (
				B6E18B7F2C3FEDB9004960AD /* PBXTargetDependency */,
			);
			name = NetworkMonitorAppTests;
			productName = NetworkMonitorAppTests;
			productReference = B6E18B7A2C3FEDB9004960AD /* NetworkMonitorAppTests.xctest */;
			productType = "com.apple.product-type.bundle.unit-test";
		};
/* End PBXNativeTarget section */

/* Begin PBXProject section */
		B6E18B592C3FCD80004960AD /* Project object */ = {
			isa = PBXProject;
			attributes = {
				BuildIndependentTargetsInParallel = 1;
				LastSwiftUpdateCheck = 1540;
				LastUpgradeCheck = 1540;
				TargetAttributes = {
					B6E18B602C3FCD80004960AD = {
						CreatedOnToolsVersion = 15.4;
					};
					B6E18B792C3FEDB9004960AD = {
						CreatedOnToolsVersion = 15.4;
						TestTargetID = B6E18B602C3FCD80004960AD;
					};
				};
			};
			buildConfigurationList = B6E18B5C2C3FCD80004960AD /* Build configuration list for PBXProject "NetworkMonitorApp" */;
			compatibilityVersion = "Xcode 14.0";
			developmentRegion = en;
			hasScannedForEncodings = 0;
			knownRegions = (
				en,
				Base,
			);
			mainGroup = B6E18B582C3FCD80004960AD;
			packageReferences = (
				B6E18B9A2C415C21004960AD /* XCRemoteSwiftPackageReference "swift-composable-architecture" */,
			);
			productRefGroup = B6E18B622C3FCD80004960AD /* Products */;
			projectDirPath = "";
			projectRoot = "";
			targets = (
				B6E18B602C3FCD80004960AD /* NetworkMonitorApp */,
				B6E18B792C3FEDB9004960AD /* NetworkMonitorAppTests */,
			);
		};
/* End PBXProject section */

/* Begin PBXResourcesBuildPhase section */
		B6E18B5F2C3FCD80004960AD /* Resources */ = {
			isa = PBXResourcesBuildPhase;
			buildActionMask = 2147483647;
			files = (
				B6E18BAC2C453304004960AD /* README.md in Resources */,
				B6E18B6C2C3FCD84004960AD /* Preview Assets.xcassets in Resources */,
				B6E18B692C3FCD84004960AD /* Assets.xcassets in Resources */,
			);
			runOnlyForDeploymentPostprocessing = 0;
		};
		B6E18B782C3FEDB9004960AD /* Resources */ = {
			isa = PBXResourcesBuildPhase;
			buildActionMask = 2147483647;
			files = (
			);
			runOnlyForDeploymentPostprocessing = 0;
		};
/* End PBXResourcesBuildPhase section */

/* Begin PBXSourcesBuildPhase section */
		B6E18B5D2C3FCD80004960AD /* Sources */ = {
			isa = PBXSourcesBuildPhase;
			buildActionMask = 2147483647;
			files = (
				B6E18BA42C416001004960AD /* NetworkState.swift in Sources */,
				B6E18B672C3FCD80004960AD /* ContentView.swift in Sources */,
				B6E18B732C3FCD8D004960AD /* NetworkMonitor.swift in Sources */,
				B6E18BB32C453FCA004960AD /* FetchImageUseCase.swift in Sources */,
				B6E18BA02C415E4E004960AD /* LoadImageView.swift in Sources */,
				B6E18B8D2C4132AF004960AD /* LoadingScreen.swift in Sources */,
				B6E18BB52C45417B004960AD /* MockFetchImageUseCase.swift in Sources */,
				B6E18B8B2C413225004960AD /* MainFlow.swift in Sources */,
				B6E18B912C4132D4004960AD /* ResultScreen.swift in Sources */,
				B6E18B652C3FCD80004960AD /* NetworkMonitorAppApp.swift in Sources */,
				B6E18B752C3FCE0A004960AD /* NetworkOperationPerformer.swift in Sources */,
				B6E18BA62C416564004960AD /* LoadImage+Mocks.swift in Sources */,
				B6E18B942C4135FE004960AD /* ImageRequest.swift in Sources */,
				B6E18BB72C454831004960AD /* ImageDataModel.swift in Sources */,
				B6E18BA22C415E68004960AD /* LoadImageReducer.swift in Sources */,
				B6E18BBA2C454A2B004960AD /* Image+Data.swift in Sources */,
				B6E18B8F2C4132C0004960AD /* ErrorScreen.swift in Sources */,
				B6E18B972C41416C004960AD /* MockNetworkMonitor.swift in Sources */,
				B6E18BBC2C455B0B004960AD /* MainFlow+Mocks.swift in Sources */,
			);
			runOnlyForDeploymentPostprocessing = 0;
		};
		B6E18B762C3FEDB9004960AD /* Sources */ = {
			isa = PBXSourcesBuildPhase;
			buildActionMask = 2147483647;
			files = (
				B6E18BB02C4535CE004960AD /* LoadImageViewTests.swift in Sources */,
				B6E18B7D2C3FEDB9004960AD /* NetworkOperationPerformerTests.swift in Sources */,
			);
			runOnlyForDeploymentPostprocessing = 0;
		};
/* End PBXSourcesBuildPhase section */

/* Begin PBXTargetDependency section */
		B6E18B7F2C3FEDB9004960AD /* PBXTargetDependency */ = {
			isa = PBXTargetDependency;
			target = B6E18B602C3FCD80004960AD /* NetworkMonitorApp */;
			targetProxy = B6E18B7E2C3FEDB9004960AD /* PBXContainerItemProxy */;
		};
/* End PBXTargetDependency section */

/* Begin XCBuildConfiguration section */
		B6E18B6D2C3FCD84004960AD /* Debug */ = {
			isa = XCBuildConfiguration;
			buildSettings = {
				ALWAYS_SEARCH_USER_PATHS = NO;
				ASSETCATALOG_COMPILER_GENERATE_SWIFT_ASSET_SYMBOL_EXTENSIONS = YES;
				CLANG_ANALYZER_NONNULL = YES;
				CLANG_ANALYZER_NUMBER_OBJECT_CONVERSION = YES_AGGRESSIVE;
				CLANG_CXX_LANGUAGE_STANDARD = "gnu++20";
				CLANG_ENABLE_MODULES = YES;
				CLANG_ENABLE_OBJC_ARC = YES;
				CLANG_ENABLE_OBJC_WEAK = YES;
				CLANG_WARN_BLOCK_CAPTURE_AUTORELEASING = YES;
				CLANG_WARN_BOOL_CONVERSION = YES;
				CLANG_WARN_COMMA = YES;
				CLANG_WARN_CONSTANT_CONVERSION = YES;
				CLANG_WARN_DEPRECATED_OBJC_IMPLEMENTATIONS = YES;
				CLANG_WARN_DIRECT_OBJC_ISA_USAGE = YES_ERROR;
				CLANG_WARN_DOCUMENTATION_COMMENTS = YES;
				CLANG_WARN_EMPTY_BODY = YES;
				CLANG_WARN_ENUM_CONVERSION = YES;
				CLANG_WARN_INFINITE_RECURSION = YES;
				CLANG_WARN_INT_CONVERSION = YES;
				CLANG_WARN_NON_LITERAL_NULL_CONVERSION = YES;
				CLANG_WARN_OBJC_IMPLICIT_RETAIN_SELF = YES;
				CLANG_WARN_OBJC_LITERAL_CONVERSION = YES;
				CLANG_WARN_OBJC_ROOT_CLASS = YES_ERROR;
				CLANG_WARN_QUOTED_INCLUDE_IN_FRAMEWORK_HEADER = YES;
				CLANG_WARN_RANGE_LOOP_ANALYSIS = YES;
				CLANG_WARN_STRICT_PROTOTYPES = YES;
				CLANG_WARN_SUSPICIOUS_MOVE = YES;
				CLANG_WARN_UNGUARDED_AVAILABILITY = YES_AGGRESSIVE;
				CLANG_WARN_UNREACHABLE_CODE = YES;
				CLANG_WARN__DUPLICATE_METHOD_MATCH = YES;
				COPY_PHASE_STRIP = NO;
				DEBUG_INFORMATION_FORMAT = dwarf;
				ENABLE_STRICT_OBJC_MSGSEND = YES;
				ENABLE_TESTABILITY = YES;
				ENABLE_USER_SCRIPT_SANDBOXING = YES;
				GCC_C_LANGUAGE_STANDARD = gnu17;
				GCC_DYNAMIC_NO_PIC = NO;
				GCC_NO_COMMON_BLOCKS = YES;
				GCC_OPTIMIZATION_LEVEL = 0;
				GCC_PREPROCESSOR_DEFINITIONS = (
					"DEBUG=1",
					"$(inherited)",
				);
				GCC_WARN_64_TO_32_BIT_CONVERSION = YES;
				GCC_WARN_ABOUT_RETURN_TYPE = YES_ERROR;
				GCC_WARN_UNDECLARED_SELECTOR = YES;
				GCC_WARN_UNINITIALIZED_AUTOS = YES_AGGRESSIVE;
				GCC_WARN_UNUSED_FUNCTION = YES;
				GCC_WARN_UNUSED_VARIABLE = YES;
				IPHONEOS_DEPLOYMENT_TARGET = 17.5;
				LOCALIZATION_PREFERS_STRING_CATALOGS = YES;
				MTL_ENABLE_DEBUG_INFO = INCLUDE_SOURCE;
				MTL_FAST_MATH = YES;
				ONLY_ACTIVE_ARCH = YES;
				SDKROOT = iphoneos;
				SWIFT_ACTIVE_COMPILATION_CONDITIONS = "DEBUG $(inherited)";
				SWIFT_OPTIMIZATION_LEVEL = "-Onone";
			};
			name = Debug;
		};
		B6E18B6E2C3FCD84004960AD /* Release */ = {
			isa = XCBuildConfiguration;
			buildSettings = {
				ALWAYS_SEARCH_USER_PATHS = NO;
				ASSETCATALOG_COMPILER_GENERATE_SWIFT_ASSET_SYMBOL_EXTENSIONS = YES;
				CLANG_ANALYZER_NONNULL = YES;
				CLANG_ANALYZER_NUMBER_OBJECT_CONVERSION = YES_AGGRESSIVE;
				CLANG_CXX_LANGUAGE_STANDARD = "gnu++20";
				CLANG_ENABLE_MODULES = YES;
				CLANG_ENABLE_OBJC_ARC = YES;
				CLANG_ENABLE_OBJC_WEAK = YES;
				CLANG_WARN_BLOCK_CAPTURE_AUTORELEASING = YES;
				CLANG_WARN_BOOL_CONVERSION = YES;
				CLANG_WARN_COMMA = YES;
				CLANG_WARN_CONSTANT_CONVERSION = YES;
				CLANG_WARN_DEPRECATED_OBJC_IMPLEMENTATIONS = YES;
				CLANG_WARN_DIRECT_OBJC_ISA_USAGE = YES_ERROR;
				CLANG_WARN_DOCUMENTATION_COMMENTS = YES;
				CLANG_WARN_EMPTY_BODY = YES;
				CLANG_WARN_ENUM_CONVERSION = YES;
				CLANG_WARN_INFINITE_RECURSION = YES;
				CLANG_WARN_INT_CONVERSION = YES;
				CLANG_WARN_NON_LITERAL_NULL_CONVERSION = YES;
				CLANG_WARN_OBJC_IMPLICIT_RETAIN_SELF = YES;
				CLANG_WARN_OBJC_LITERAL_CONVERSION = YES;
				CLANG_WARN_OBJC_ROOT_CLASS = YES_ERROR;
				CLANG_WARN_QUOTED_INCLUDE_IN_FRAMEWORK_HEADER = YES;
				CLANG_WARN_RANGE_LOOP_ANALYSIS = YES;
				CLANG_WARN_STRICT_PROTOTYPES = YES;
				CLANG_WARN_SUSPICIOUS_MOVE = YES;
				CLANG_WARN_UNGUARDED_AVAILABILITY = YES_AGGRESSIVE;
				CLANG_WARN_UNREACHABLE_CODE = YES;
				CLANG_WARN__DUPLICATE_METHOD_MATCH = YES;
				COPY_PHASE_STRIP = NO;
				DEBUG_INFORMATION_FORMAT = "dwarf-with-dsym";
				ENABLE_NS_ASSERTIONS = NO;
				ENABLE_STRICT_OBJC_MSGSEND = YES;
				ENABLE_USER_SCRIPT_SANDBOXING = YES;
				GCC_C_LANGUAGE_STANDARD = gnu17;
				GCC_NO_COMMON_BLOCKS = YES;
				GCC_WARN_64_TO_32_BIT_CONVERSION = YES;
				GCC_WARN_ABOUT_RETURN_TYPE = YES_ERROR;
				GCC_WARN_UNDECLARED_SELECTOR = YES;
				GCC_WARN_UNINITIALIZED_AUTOS = YES_AGGRESSIVE;
				GCC_WARN_UNUSED_FUNCTION = YES;
				GCC_WARN_UNUSED_VARIABLE = YES;
				IPHONEOS_DEPLOYMENT_TARGET = 17.5;
				LOCALIZATION_PREFERS_STRING_CATALOGS = YES;
				MTL_ENABLE_DEBUG_INFO = NO;
				MTL_FAST_MATH = YES;
				SDKROOT = iphoneos;
				SWIFT_COMPILATION_MODE = wholemodule;
				VALIDATE_PRODUCT = YES;
			};
			name = Release;
		};
		B6E18B702C3FCD84004960AD /* Debug */ = {
			isa = XCBuildConfiguration;
			buildSettings = {
				ASSETCATALOG_COMPILER_APPICON_NAME = AppIcon;
				ASSETCATALOG_COMPILER_GLOBAL_ACCENT_COLOR_NAME = AccentColor;
				CODE_SIGN_STYLE = Automatic;
				CURRENT_PROJECT_VERSION = 1;
				DEVELOPMENT_ASSET_PATHS = "\"NetworkMonitorApp/Preview Content\"";
				ENABLE_PREVIEWS = YES;
				GENERATE_INFOPLIST_FILE = YES;
				INFOPLIST_KEY_UIApplicationSceneManifest_Generation = YES;
				INFOPLIST_KEY_UIApplicationSupportsIndirectInputEvents = YES;
				INFOPLIST_KEY_UILaunchScreen_Generation = YES;
				INFOPLIST_KEY_UISupportedInterfaceOrientations_iPad = "UIInterfaceOrientationPortrait UIInterfaceOrientationPortraitUpsideDown UIInterfaceOrientationLandscapeLeft UIInterfaceOrientationLandscapeRight";
				INFOPLIST_KEY_UISupportedInterfaceOrientations_iPhone = "UIInterfaceOrientationPortrait UIInterfaceOrientationLandscapeLeft UIInterfaceOrientationLandscapeRight";
				LD_RUNPATH_SEARCH_PATHS = (
					"$(inherited)",
					"@executable_path/Frameworks",
				);
				MARKETING_VERSION = 1.0;
				PRODUCT_BUNDLE_IDENTIFIER = com.gzafra.NetworkMonitorApp;
				PRODUCT_NAME = "$(TARGET_NAME)";
				SWIFT_EMIT_LOC_STRINGS = YES;
				SWIFT_VERSION = 5.0;
				TARGETED_DEVICE_FAMILY = "1,2";
			};
			name = Debug;
		};
		B6E18B712C3FCD84004960AD /* Release */ = {
			isa = XCBuildConfiguration;
			buildSettings = {
				ASSETCATALOG_COMPILER_APPICON_NAME = AppIcon;
				ASSETCATALOG_COMPILER_GLOBAL_ACCENT_COLOR_NAME = AccentColor;
				CODE_SIGN_STYLE = Automatic;
				CURRENT_PROJECT_VERSION = 1;
				DEVELOPMENT_ASSET_PATHS = "\"NetworkMonitorApp/Preview Content\"";
				ENABLE_PREVIEWS = YES;
				GENERATE_INFOPLIST_FILE = YES;
				INFOPLIST_KEY_UIApplicationSceneManifest_Generation = YES;
				INFOPLIST_KEY_UIApplicationSupportsIndirectInputEvents = YES;
				INFOPLIST_KEY_UILaunchScreen_Generation = YES;
				INFOPLIST_KEY_UISupportedInterfaceOrientations_iPad = "UIInterfaceOrientationPortrait UIInterfaceOrientationPortraitUpsideDown UIInterfaceOrientationLandscapeLeft UIInterfaceOrientationLandscapeRight";
				INFOPLIST_KEY_UISupportedInterfaceOrientations_iPhone = "UIInterfaceOrientationPortrait UIInterfaceOrientationLandscapeLeft UIInterfaceOrientationLandscapeRight";
				LD_RUNPATH_SEARCH_PATHS = (
					"$(inherited)",
					"@executable_path/Frameworks",
				);
				MARKETING_VERSION = 1.0;
				PRODUCT_BUNDLE_IDENTIFIER = com.gzafra.NetworkMonitorApp;
				PRODUCT_NAME = "$(TARGET_NAME)";
				SWIFT_EMIT_LOC_STRINGS = YES;
				SWIFT_VERSION = 5.0;
				TARGETED_DEVICE_FAMILY = "1,2";
			};
			name = Release;
		};
		B6E18B812C3FEDB9004960AD /* Debug */ = {
			isa = XCBuildConfiguration;
			buildSettings = {
				BUNDLE_LOADER = "$(TEST_HOST)";
				CODE_SIGN_STYLE = Automatic;
				CURRENT_PROJECT_VERSION = 1;
				GENERATE_INFOPLIST_FILE = YES;
				MARKETING_VERSION = 1.0;
				PRODUCT_BUNDLE_IDENTIFIER = com.gzafra.NetworkMonitorAppTests;
				PRODUCT_NAME = "$(TARGET_NAME)";
				SWIFT_EMIT_LOC_STRINGS = NO;
				SWIFT_VERSION = 5.0;
				TARGETED_DEVICE_FAMILY = "1,2";
				TEST_HOST = "$(BUILT_PRODUCTS_DIR)/NetworkMonitorApp.app/$(BUNDLE_EXECUTABLE_FOLDER_PATH)/NetworkMonitorApp";
			};
			name = Debug;
		};
		B6E18B822C3FEDB9004960AD /* Release */ = {
			isa = XCBuildConfiguration;
			buildSettings = {
				BUNDLE_LOADER = "$(TEST_HOST)";
				CODE_SIGN_STYLE = Automatic;
				CURRENT_PROJECT_VERSION = 1;
				GENERATE_INFOPLIST_FILE = YES;
				MARKETING_VERSION = 1.0;
				PRODUCT_BUNDLE_IDENTIFIER = com.gzafra.NetworkMonitorAppTests;
				PRODUCT_NAME = "$(TARGET_NAME)";
				SWIFT_EMIT_LOC_STRINGS = NO;
				SWIFT_VERSION = 5.0;
				TARGETED_DEVICE_FAMILY = "1,2";
				TEST_HOST = "$(BUILT_PRODUCTS_DIR)/NetworkMonitorApp.app/$(BUNDLE_EXECUTABLE_FOLDER_PATH)/NetworkMonitorApp";
			};
			name = Release;
		};
/* End XCBuildConfiguration section */

/* Begin XCConfigurationList section */
		B6E18B5C2C3FCD80004960AD /* Build configuration list for PBXProject "NetworkMonitorApp" */ = {
			isa = XCConfigurationList;
			buildConfigurations = (
				B6E18B6D2C3FCD84004960AD /* Debug */,
				B6E18B6E2C3FCD84004960AD /* Release */,
			);
			defaultConfigurationIsVisible = 0;
			defaultConfigurationName = Release;
		};
		B6E18B6F2C3FCD84004960AD /* Build configuration list for PBXNativeTarget "NetworkMonitorApp" */ = {
			isa = XCConfigurationList;
			buildConfigurations = (
				B6E18B702C3FCD84004960AD /* Debug */,
				B6E18B712C3FCD84004960AD /* Release */,
			);
			defaultConfigurationIsVisible = 0;
			defaultConfigurationName = Release;
		};
		B6E18B802C3FEDB9004960AD /* Build configuration list for PBXNativeTarget "NetworkMonitorAppTests" */ = {
			isa = XCConfigurationList;
			buildConfigurations = (
				B6E18B812C3FEDB9004960AD /* Debug */,
				B6E18B822C3FEDB9004960AD /* Release */,
			);
			defaultConfigurationIsVisible = 0;
			defaultConfigurationName = Release;
		};
/* End XCConfigurationList section */

/* Begin XCRemoteSwiftPackageReference section */
		B6E18B9A2C415C21004960AD /* XCRemoteSwiftPackageReference "swift-composable-architecture" */ = {
			isa = XCRemoteSwiftPackageReference;
			repositoryURL = "https://github.com/pointfreeco/swift-composable-architecture";
			requirement = {
				kind = upToNextMajorVersion;
				minimumVersion = 1.11.0;
			};
		};
/* End XCRemoteSwiftPackageReference section */

/* Begin XCSwiftPackageProductDependency section */
		B6E18B9B2C415C21004960AD /* ComposableArchitecture */ = {
			isa = XCSwiftPackageProductDependency;
			package = B6E18B9A2C415C21004960AD /* XCRemoteSwiftPackageReference "swift-composable-architecture" */;
			productName = ComposableArchitecture;
		};
/* End XCSwiftPackageProductDependency section */
	};
	rootObject = B6E18B592C3FCD80004960AD /* Project object */;
}
